{
    "name": "katalon-studio",
    "version": "1.0.0",
    "lockfileVersion": 1,
    "requires": true,
    "dependencies": {
        "axios": {
            "version": "0.15.3",
            "resolved": "https://registry.npmjs.org/axios/-/axios-0.15.3.tgz",
            "integrity": "sha1-LJ1jiy4ZGgjqHWzJiOrda6W9wFM=",
            "requires": {
                "follow-redirects": "1.0.0"
            }
        },
        "debug": {
            "version": "2.6.9",
            "resolved": "https://registry.npmjs.org/debug/-/debug-2.6.9.tgz",
            "integrity": "sha512-bC7ElrdJaJnPbAP+1EotYvqZsb3ecl5wi6Bfi6BJTUcNowp6cvspg0jXznRTKDjm/E7AdgFBVeAPVMNcKGsHMA==",
            "requires": {
                "ms": "2.0.0"
            }
        },
        "follow-redirects": {
            "version": "1.0.0",
            "resolved": "https://registry.npmjs.org/follow-redirects/-/follow-redirects-1.0.0.tgz",
            "integrity": "sha1-jjQpjL0uF28lTv/sdaHHjMhJ/Tc=",
            "requires": {
                "debug": "^2.2.0"
            }
        },
        "github-api": {
            "version": "3.2.0",
            "resolved": "https://registry.npmjs.org/github-api/-/github-api-3.2.0.tgz",
            "integrity": "sha512-AsO1LxrCi07qUdCqOExyAgvzvnN8WFV6BQ+LJzzmgzPJQ69+AzTCnt9bc61T8rE/LLj81qOGd7sLJeKbu0lEyA==",
            "requires": {
                "axios": "^0.15.2",
                "debug": "^2.2.0",
                "js-base64": "^2.1.9",
                "utf8": "^2.1.1"
            }
        },
        "graceful-fs": {
            "version": "4.1.15",
            "resolved": "https://registry.npmjs.org/graceful-fs/-/graceful-fs-4.1.15.tgz",
            "integrity": "sha512-6uHUhOPEBgQ24HM+r6b/QwWfZq+yiFcipKFrOFiBEnWdy5sdzYoi+pJeQaPI5qOLRFqWmAXUPQNsielzdLoecA==",
            "optional": true
        },
        "js-base64": {
            "version": "2.5.1",
            "resolved": "https://registry.npmjs.org/js-base64/-/js-base64-2.5.1.tgz",
            "integrity": "sha512-M7kLczedRMYX4L8Mdh4MzyAMM9O5osx+4FcOQuTvr3A9F2D9S5JXheN0ewNbrvK2UatkTRhL5ejGmGSjNMiZuw=="
        },
        "jsonfile": {
            "version": "5.0.0",
            "resolved": "https://registry.npmjs.org/jsonfile/-/jsonfile-5.0.0.tgz",
            "integrity": "sha512-NQRZ5CRo74MhMMC3/3r5g2k4fjodJ/wh8MxjFbCViWKFjxrnudWSY5vomh+23ZaXzAS7J3fBZIR2dV6WbmfM0w==",
            "requires": {
                "graceful-fs": "^4.1.6",
                "universalify": "^0.1.2"
            }
        },
        "ms": {
            "version": "2.0.0",
            "resolved": "https://registry.npmjs.org/ms/-/ms-2.0.0.tgz",
            "integrity": "sha1-VgiurfwAvmwpAd9fmGF4jeDVl8g="
        },
        "universalify": {
            "version": "0.1.2",
            "resolved": "https://registry.npmjs.org/universalify/-/universalify-0.1.2.tgz",
            "integrity": "sha512-rBJeI5CXAlmy1pV+617WB9J63U6XcazHHF2f2dbJix4XzpUF0RS3Zbj0FGIOCAva5P/d/GBOYaACQ1w+0azUkg=="
        },
        "utf8": {
            "version": "2.1.2",
            "resolved": "https://registry.npmjs.org/utf8/-/utf8-2.1.2.tgz",
            "integrity": "sha1-H6DZJw6b6FDZsFAn9jUZv0ZFfZY="
        }
    }
}
